// !$*UTF8*$!
{
	archiveVersion = 1;
	classes = {
	};
	objectVersion = 56;
	objects = {

/* Begin PBXBuildFile section */
		495D5A542C1F748C0051B897 /* CinephiliaApp.swift in Sources */ = {isa = PBXBuildFile; fileRef = 495D5A532C1F748C0051B897 /* CinephiliaApp.swift */; };
		495D5A582C1F748D0051B897 /* Assets.xcassets in Resources */ = {isa = PBXBuildFile; fileRef = 495D5A572C1F748D0051B897 /* Assets.xcassets */; };
		495D5A5B2C1F748D0051B897 /* Preview Assets.xcassets in Resources */ = {isa = PBXBuildFile; fileRef = 495D5A5A2C1F748D0051B897 /* Preview Assets.xcassets */; };
		495D5A672C20927B0051B897 /* discover-movies.json in Resources */ = {isa = PBXBuildFile; fileRef = 495D5A662C20927B0051B897 /* discover-movies.json */; };
		495D5A692C2093020051B897 /* DataService.swift in Sources */ = {isa = PBXBuildFile; fileRef = 495D5A682C2093020051B897 /* DataService.swift */; };
		495D5A6B2C2094000051B897 /* Movie.swift in Sources */ = {isa = PBXBuildFile; fileRef = 495D5A6A2C2094000051B897 /* Movie.swift */; };
		495D5A6D2C2097380051B897 /* DiscoverMoviesResponse.swift in Sources */ = {isa = PBXBuildFile; fileRef = 495D5A6C2C2097380051B897 /* DiscoverMoviesResponse.swift */; };
		495D5A6F2C20991F0051B897 /* HomeView.swift in Sources */ = {isa = PBXBuildFile; fileRef = 495D5A6E2C20991F0051B897 /* HomeView.swift */; };
		495D5A712C20C3820051B897 /* MoviesViewModel.swift in Sources */ = {isa = PBXBuildFile; fileRef = 495D5A702C20C3820051B897 /* MoviesViewModel.swift */; };
		49642D8A2C236CEA00887867 /* OnBoardingView.swift in Sources */ = {isa = PBXBuildFile; fileRef = 49642D892C236CEA00887867 /* OnBoardingView.swift */; };
		49642D8C2C26041300887867 /* OnboardingDetailsView.swift in Sources */ = {isa = PBXBuildFile; fileRef = 49642D8B2C26041300887867 /* OnboardingDetailsView.swift */; };
		49642D8E2C260D6500887867 /* NewReleasesView.swift in Sources */ = {isa = PBXBuildFile; fileRef = 49642D8D2C260D6500887867 /* NewReleasesView.swift */; };
/* End PBXBuildFile section */

/* Begin PBXFileReference section */
		495D5A502C1F748C0051B897 /* Cinephilia.app */ = {isa = PBXFileReference; explicitFileType = wrapper.application; includeInIndex = 0; path = Cinephilia.app; sourceTree = BUILT_PRODUCTS_DIR; };
		495D5A532C1F748C0051B897 /* CinephiliaApp.swift */ = {isa = PBXFileReference; lastKnownFileType = sourcecode.swift; path = CinephiliaApp.swift; sourceTree = "<group>"; };
		495D5A572C1F748D0051B897 /* Assets.xcassets */ = {isa = PBXFileReference; lastKnownFileType = folder.assetcatalog; path = Assets.xcassets; sourceTree = "<group>"; };
		495D5A5A2C1F748D0051B897 /* Preview Assets.xcassets */ = {isa = PBXFileReference; lastKnownFileType = folder.assetcatalog; path = "Preview Assets.xcassets"; sourceTree = "<group>"; };
		495D5A662C20927B0051B897 /* discover-movies.json */ = {isa = PBXFileReference; fileEncoding = 4; lastKnownFileType = text.json; path = "discover-movies.json"; sourceTree = "<group>"; };
		495D5A682C2093020051B897 /* DataService.swift */ = {isa = PBXFileReference; lastKnownFileType = sourcecode.swift; path = DataService.swift; sourceTree = "<group>"; };
		495D5A6A2C2094000051B897 /* Movie.swift */ = {isa = PBXFileReference; lastKnownFileType = sourcecode.swift; path = Movie.swift; sourceTree = "<group>"; };
		495D5A6C2C2097380051B897 /* DiscoverMoviesResponse.swift */ = {isa = PBXFileReference; lastKnownFileType = sourcecode.swift; path = DiscoverMoviesResponse.swift; sourceTree = "<group>"; };
		495D5A6E2C20991F0051B897 /* HomeView.swift */ = {isa = PBXFileReference; lastKnownFileType = sourcecode.swift; path = HomeView.swift; sourceTree = "<group>"; };
		495D5A702C20C3820051B897 /* MoviesViewModel.swift */ = {isa = PBXFileReference; lastKnownFileType = sourcecode.swift; path = MoviesViewModel.swift; sourceTree = "<group>"; };
		49642D892C236CEA00887867 /* OnBoardingView.swift */ = {isa = PBXFileReference; lastKnownFileType = sourcecode.swift; path = OnBoardingView.swift; sourceTree = "<group>"; };
		49642D8B2C26041300887867 /* OnboardingDetailsView.swift */ = {isa = PBXFileReference; lastKnownFileType = sourcecode.swift; path = OnboardingDetailsView.swift; sourceTree = "<group>"; };
		49642D8D2C260D6500887867 /* NewReleasesView.swift */ = {isa = PBXFileReference; lastKnownFileType = sourcecode.swift; path = NewReleasesView.swift; sourceTree = "<group>"; };
/* End PBXFileReference section */

/* Begin PBXFrameworksBuildPhase section */
		495D5A4D2C1F748C0051B897 /* Frameworks */ = {
			isa = PBXFrameworksBuildPhase;
			buildActionMask = 2147483647;
			files = (
			);
			runOnlyForDeploymentPostprocessing = 0;
		};
/* End PBXFrameworksBuildPhase section */

/* Begin PBXGroup section */
		495D5A472C1F748C0051B897 = {
			isa = PBXGroup;
			children = (
				495D5A522C1F748C0051B897 /* Cinephilia */,
				495D5A512C1F748C0051B897 /* Products */,
			);
			sourceTree = "<group>";
		};
		495D5A512C1F748C0051B897 /* Products */ = {
			isa = PBXGroup;
			children = (
				495D5A502C1F748C0051B897 /* Cinephilia.app */,
			);
			name = Products;
			sourceTree = "<group>";
		};
		495D5A522C1F748C0051B897 /* Cinephilia */ = {
			isa = PBXGroup;
			children = (
				495D5A532C1F748C0051B897 /* CinephiliaApp.swift */,
				495D5A572C1F748D0051B897 /* Assets.xcassets */,
				495D5A592C1F748D0051B897 /* Preview Content */,
				495D5A652C2091FE0051B897 /* data */,
				495D5A612C2091A80051B897 /* models */,
				495D5A632C2091B20051B897 /* services */,
				495D5A642C2091B80051B897 /* viewmodels */,
				495D5A622C2091AE0051B897 /* views */,
			);
			path = Cinephilia;
			sourceTree = "<group>";
		};
		495D5A592C1F748D0051B897 /* Preview Content */ = {
			isa = PBXGroup;
			children = (
				495D5A5A2C1F748D0051B897 /* Preview Assets.xcassets */,
			);
			path = "Preview Content";
			sourceTree = "<group>";
		};
		495D5A612C2091A80051B897 /* models */ = {
			isa = PBXGroup;
			children = (
				495D5A6C2C2097380051B897 /* DiscoverMoviesResponse.swift */,
				495D5A6A2C2094000051B897 /* Movie.swift */,
			);
			path = models;
			sourceTree = "<group>";
		};
		495D5A622C2091AE0051B897 /* views */ = {
			isa = PBXGroup;
			children = (
				495D5A6E2C20991F0051B897 /* HomeView.swift */,
				49642D8D2C260D6500887867 /* NewReleasesView.swift */,
				49642D892C236CEA00887867 /* OnBoardingView.swift */,
				49642D8B2C26041300887867 /* OnboardingDetailsView.swift */,
			);
			path = views;
			sourceTree = "<group>";
		};
		495D5A632C2091B20051B897 /* services */ = {
			isa = PBXGroup;
			children = (
				495D5A682C2093020051B897 /* DataService.swift */,
			);
			path = services;
			sourceTree = "<group>";
		};
		495D5A642C2091B80051B897 /* viewmodels */ = {
			isa = PBXGroup;
			children = (
				495D5A702C20C3820051B897 /* MoviesViewModel.swift */,
			);
			path = viewmodels;
			sourceTree = "<group>";
		};
		495D5A652C2091FE0051B897 /* data */ = {
			isa = PBXGroup;
			children = (
				495D5A662C20927B0051B897 /* discover-movies.json */,
			);
			path = data;
			sourceTree = "<group>";
		};
/* End PBXGroup section */

/* Begin PBXNativeTarget section */
		495D5A4F2C1F748C0051B897 /* Cinephilia */ = {
			isa = PBXNativeTarget;
			buildConfigurationList = 495D5A5E2C1F748D0051B897 /* Build configuration list for PBXNativeTarget "Cinephilia" */;
			buildPhases = (
				495D5A4C2C1F748C0051B897 /* Sources */,
				495D5A4D2C1F748C0051B897 /* Frameworks */,
				495D5A4E2C1F748C0051B897 /* Resources */,
			);
			buildRules = (
			);
			dependencies = (
			);
			name = Cinephilia;
			productName = Cinephilia;
			productReference = 495D5A502C1F748C0051B897 /* Cinephilia.app */;
			productType = "com.apple.product-type.application";
		};
/* End PBXNativeTarget section */

/* Begin PBXProject section */
		495D5A482C1F748C0051B897 /* Project object */ = {
			isa = PBXProject;
			attributes = {
				BuildIndependentTargetsInParallel = 1;
				LastSwiftUpdateCheck = 1540;
				LastUpgradeCheck = 1540;
				TargetAttributes = {
					495D5A4F2C1F748C0051B897 = {
						CreatedOnToolsVersion = 15.4;
					};
				};
			};
			buildConfigurationList = 495D5A4B2C1F748C0051B897 /* Build configuration list for PBXProject "Cinephilia" */;
			compatibilityVersion = "Xcode 14.0";
			developmentRegion = en;
			hasScannedForEncodings = 0;
			knownRegions = (
				en,
				Base,
			);
			mainGroup = 495D5A472C1F748C0051B897;
			productRefGroup = 495D5A512C1F748C0051B897 /* Products */;
			projectDirPath = "";
			projectRoot = "";
			targets = (
				495D5A4F2C1F748C0051B897 /* Cinephilia */,
			);
		};
/* End PBXProject section */

/* Begin PBXResourcesBuildPhase section */
		495D5A4E2C1F748C0051B897 /* Resources */ = {
			isa = PBXResourcesBuildPhase;
			buildActionMask = 2147483647;
			files = (
				495D5A5B2C1F748D0051B897 /* Preview Assets.xcassets in Resources */,
				495D5A582C1F748D0051B897 /* Assets.xcassets in Resources */,
				495D5A672C20927B0051B897 /* discover-movies.json in Resources */,
			);
			runOnlyForDeploymentPostprocessing = 0;
		};
/* End PBXResourcesBuildPhase section */

/* Begin PBXSourcesBuildPhase section */
		495D5A4C2C1F748C0051B897 /* Sources */ = {
			isa = PBXSourcesBuildPhase;
			buildActionMask = 2147483647;
			files = (
				495D5A6D2C2097380051B897 /* DiscoverMoviesResponse.swift in Sources */,
				495D5A692C2093020051B897 /* DataService.swift in Sources */,
				49642D8C2C26041300887867 /* OnboardingDetailsView.swift in Sources */,
				49642D8A2C236CEA00887867 /* OnBoardingView.swift in Sources */,
				495D5A6F2C20991F0051B897 /* HomeView.swift in Sources */,
				49642D8E2C260D6500887867 /* NewReleasesView.swift in Sources */,
				495D5A712C20C3820051B897 /* MoviesViewModel.swift in Sources */,
				495D5A6B2C2094000051B897 /* Movie.swift in Sources */,
				495D5A542C1F748C0051B897 /* CinephiliaApp.swift in Sources */,
			);
			runOnlyForDeploymentPostprocessing = 0;
		};
/* End PBXSourcesBuildPhase section */

/* Begin XCBuildConfiguration section */
		495D5A5C2C1F748D0051B897 /* Debug */ = {
			isa = XCBuildConfiguration;
			buildSettings = {
				ALWAYS_SEARCH_USER_PATHS = NO;
				ASSETCATALOG_COMPILER_GENERATE_SWIFT_ASSET_SYMBOL_EXTENSIONS = YES;
				CLANG_ANALYZER_NONNULL = YES;
				CLANG_ANALYZER_NUMBER_OBJECT_CONVERSION = YES_AGGRESSIVE;
				CLANG_CXX_LANGUAGE_STANDARD = "gnu++20";
				CLANG_ENABLE_MODULES = YES;
				CLANG_ENABLE_OBJC_ARC = YES;
				CLANG_ENABLE_OBJC_WEAK = YES;
				CLANG_WARN_BLOCK_CAPTURE_AUTORELEASING = YES;
				CLANG_WARN_BOOL_CONVERSION = YES;
				CLANG_WARN_COMMA = YES;
				CLANG_WARN_CONSTANT_CONVERSION = YES;
				CLANG_WARN_DEPRECATED_OBJC_IMPLEMENTATIONS = YES;
				CLANG_WARN_DIRECT_OBJC_ISA_USAGE = YES_ERROR;
				CLANG_WARN_DOCUMENTATION_COMMENTS = YES;
				CLANG_WARN_EMPTY_BODY = YES;
				CLANG_WARN_ENUM_CONVERSION = YES;
				CLANG_WARN_INFINITE_RECURSION = YES;
				CLANG_WARN_INT_CONVERSION = YES;
				CLANG_WARN_NON_LITERAL_NULL_CONVERSION = YES;
				CLANG_WARN_OBJC_IMPLICIT_RETAIN_SELF = YES;
				CLANG_WARN_OBJC_LITERAL_CONVERSION = YES;
				CLANG_WARN_OBJC_ROOT_CLASS = YES_ERROR;
				CLANG_WARN_QUOTED_INCLUDE_IN_FRAMEWORK_HEADER = YES;
				CLANG_WARN_RANGE_LOOP_ANALYSIS = YES;
				CLANG_WARN_STRICT_PROTOTYPES = YES;
				CLANG_WARN_SUSPICIOUS_MOVE = YES;
				CLANG_WARN_UNGUARDED_AVAILABILITY = YES_AGGRESSIVE;
				CLANG_WARN_UNREACHABLE_CODE = YES;
				CLANG_WARN__DUPLICATE_METHOD_MATCH = YES;
				COPY_PHASE_STRIP = NO;
				DEBUG_INFORMATION_FORMAT = dwarf;
				ENABLE_STRICT_OBJC_MSGSEND = YES;
				ENABLE_TESTABILITY = YES;
				ENABLE_USER_SCRIPT_SANDBOXING = YES;
				GCC_C_LANGUAGE_STANDARD = gnu17;
				GCC_DYNAMIC_NO_PIC = NO;
				GCC_NO_COMMON_BLOCKS = YES;
				GCC_OPTIMIZATION_LEVEL = 0;
				GCC_PREPROCESSOR_DEFINITIONS = (
					"DEBUG=1",
					"$(inherited)",
				);
				GCC_WARN_64_TO_32_BIT_CONVERSION = YES;
				GCC_WARN_ABOUT_RETURN_TYPE = YES_ERROR;
				GCC_WARN_UNDECLARED_SELECTOR = YES;
				GCC_WARN_UNINITIALIZED_AUTOS = YES_AGGRESSIVE;
				GCC_WARN_UNUSED_FUNCTION = YES;
				GCC_WARN_UNUSED_VARIABLE = YES;
				IPHONEOS_DEPLOYMENT_TARGET = 17.5;
				LOCALIZATION_PREFERS_STRING_CATALOGS = YES;
				MTL_ENABLE_DEBUG_INFO = INCLUDE_SOURCE;
				MTL_FAST_MATH = YES;
				ONLY_ACTIVE_ARCH = YES;
				SDKROOT = iphoneos;
				SWIFT_ACTIVE_COMPILATION_CONDITIONS = "DEBUG $(inherited)";
				SWIFT_OPTIMIZATION_LEVEL = "-Onone";
			};
			name = Debug;
		};
		495D5A5D2C1F748D0051B897 /* Release */ = {
			isa = XCBuildConfiguration;
			buildSettings = {
				ALWAYS_SEARCH_USER_PATHS = NO;
				ASSETCATALOG_COMPILER_GENERATE_SWIFT_ASSET_SYMBOL_EXTENSIONS = YES;
				CLANG_ANALYZER_NONNULL = YES;
				CLANG_ANALYZER_NUMBER_OBJECT_CONVERSION = YES_AGGRESSIVE;
				CLANG_CXX_LANGUAGE_STANDARD = "gnu++20";
				CLANG_ENABLE_MODULES = YES;
				CLANG_ENABLE_OBJC_ARC = YES;
				CLANG_ENABLE_OBJC_WEAK = YES;
				CLANG_WARN_BLOCK_CAPTURE_AUTORELEASING = YES;
				CLANG_WARN_BOOL_CONVERSION = YES;
				CLANG_WARN_COMMA = YES;
				CLANG_WARN_CONSTANT_CONVERSION = YES;
				CLANG_WARN_DEPRECATED_OBJC_IMPLEMENTATIONS = YES;
				CLANG_WARN_DIRECT_OBJC_ISA_USAGE = YES_ERROR;
				CLANG_WARN_DOCUMENTATION_COMMENTS = YES;
				CLANG_WARN_EMPTY_BODY = YES;
				CLANG_WARN_ENUM_CONVERSION = YES;
				CLANG_WARN_INFINITE_RECURSION = YES;
				CLANG_WARN_INT_CONVERSION = YES;
				CLANG_WARN_NON_LITERAL_NULL_CONVERSION = YES;
				CLANG_WARN_OBJC_IMPLICIT_RETAIN_SELF = YES;
				CLANG_WARN_OBJC_LITERAL_CONVERSION = YES;
				CLANG_WARN_OBJC_ROOT_CLASS = YES_ERROR;
				CLANG_WARN_QUOTED_INCLUDE_IN_FRAMEWORK_HEADER = YES;
				CLANG_WARN_RANGE_LOOP_ANALYSIS = YES;
				CLANG_WARN_STRICT_PROTOTYPES = YES;
				CLANG_WARN_SUSPICIOUS_MOVE = YES;
				CLANG_WARN_UNGUARDED_AVAILABILITY = YES_AGGRESSIVE;
				CLANG_WARN_UNREACHABLE_CODE = YES;
				CLANG_WARN__DUPLICATE_METHOD_MATCH = YES;
				COPY_PHASE_STRIP = NO;
				DEBUG_INFORMATION_FORMAT = "dwarf-with-dsym";
				ENABLE_NS_ASSERTIONS = NO;
				ENABLE_STRICT_OBJC_MSGSEND = YES;
				ENABLE_USER_SCRIPT_SANDBOXING = YES;
				GCC_C_LANGUAGE_STANDARD = gnu17;
				GCC_NO_COMMON_BLOCKS = YES;
				GCC_WARN_64_TO_32_BIT_CONVERSION = YES;
				GCC_WARN_ABOUT_RETURN_TYPE = YES_ERROR;
				GCC_WARN_UNDECLARED_SELECTOR = YES;
				GCC_WARN_UNINITIALIZED_AUTOS = YES_AGGRESSIVE;
				GCC_WARN_UNUSED_FUNCTION = YES;
				GCC_WARN_UNUSED_VARIABLE = YES;
				IPHONEOS_DEPLOYMENT_TARGET = 17.5;
				LOCALIZATION_PREFERS_STRING_CATALOGS = YES;
				MTL_ENABLE_DEBUG_INFO = NO;
				MTL_FAST_MATH = YES;
				SDKROOT = iphoneos;
				SWIFT_COMPILATION_MODE = wholemodule;
				VALIDATE_PRODUCT = YES;
			};
			name = Release;
		};
		495D5A5F2C1F748D0051B897 /* Debug */ = {
			isa = XCBuildConfiguration;
			buildSettings = {
				ASSETCATALOG_COMPILER_APPICON_NAME = AppIcon;
				ASSETCATALOG_COMPILER_GLOBAL_ACCENT_COLOR_NAME = AccentColor;
				CODE_SIGN_STYLE = Automatic;
				CURRENT_PROJECT_VERSION = 1;
				DEVELOPMENT_ASSET_PATHS = "\"Cinephilia/Preview Content\"";
				DEVELOPMENT_TEAM = YG673979W5;
				ENABLE_PREVIEWS = YES;
				GENERATE_INFOPLIST_FILE = YES;
				INFOPLIST_KEY_UIApplicationSceneManifest_Generation = YES;
				INFOPLIST_KEY_UIApplicationSupportsIndirectInputEvents = YES;
				INFOPLIST_KEY_UILaunchScreen_Generation = YES;
				INFOPLIST_KEY_UISupportedInterfaceOrientations_iPad = "UIInterfaceOrientationPortrait UIInterfaceOrientationPortraitUpsideDown UIInterfaceOrientationLandscapeLeft UIInterfaceOrientationLandscapeRight";
				INFOPLIST_KEY_UISupportedInterfaceOrientations_iPhone = "UIInterfaceOrientationPortrait UIInterfaceOrientationLandscapeLeft UIInterfaceOrientationLandscapeRight";
				LD_RUNPATH_SEARCH_PATHS = (
					"$(inherited)",
					"@executable_path/Frameworks",
				);
				MARKETING_VERSION = 1.0;
				PRODUCT_BUNDLE_IDENTIFIER = "com.binary-sequence.Cinephilia";
				PRODUCT_NAME = "$(TARGET_NAME)";
				SWIFT_EMIT_LOC_STRINGS = YES;
				SWIFT_VERSION = 5.0;
				TARGETED_DEVICE_FAMILY = "1,2";
			};
			name = Debug;
		};
		495D5A602C1F748D0051B897 /* Release */ = {
			isa = XCBuildConfiguration;
			buildSettings = {
				ASSETCATALOG_COMPILER_APPICON_NAME = AppIcon;
				ASSETCATALOG_COMPILER_GLOBAL_ACCENT_COLOR_NAME = AccentColor;
				CODE_SIGN_STYLE = Automatic;
				CURRENT_PROJECT_VERSION = 1;
				DEVELOPMENT_ASSET_PATHS = "\"Cinephilia/Preview Content\"";
				DEVELOPMENT_TEAM = YG673979W5;
				ENABLE_PREVIEWS = YES;
				GENERATE_INFOPLIST_FILE = YES;
				INFOPLIST_KEY_UIApplicationSceneManifest_Generation = YES;
				INFOPLIST_KEY_UIApplicationSupportsIndirectInputEvents = YES;
				INFOPLIST_KEY_UILaunchScreen_Generation = YES;
				INFOPLIST_KEY_UISupportedInterfaceOrientations_iPad = "UIInterfaceOrientationPortrait UIInterfaceOrientationPortraitUpsideDown UIInterfaceOrientationLandscapeLeft UIInterfaceOrientationLandscapeRight";
				INFOPLIST_KEY_UISupportedInterfaceOrientations_iPhone = "UIInterfaceOrientationPortrait UIInterfaceOrientationLandscapeLeft UIInterfaceOrientationLandscapeRight";
				LD_RUNPATH_SEARCH_PATHS = (
					"$(inherited)",
					"@executable_path/Frameworks",
				);
				MARKETING_VERSION = 1.0;
				PRODUCT_BUNDLE_IDENTIFIER = "com.binary-sequence.Cinephilia";
				PRODUCT_NAME = "$(TARGET_NAME)";
				SWIFT_EMIT_LOC_STRINGS = YES;
				SWIFT_VERSION = 5.0;
				TARGETED_DEVICE_FAMILY = "1,2";
			};
			name = Release;
		};
/* End XCBuildConfiguration section */

/* Begin XCConfigurationList section */
		495D5A4B2C1F748C0051B897 /* Build configuration list for PBXProject "Cinephilia" */ = {
			isa = XCConfigurationList;
			buildConfigurations = (
				495D5A5C2C1F748D0051B897 /* Debug */,
				495D5A5D2C1F748D0051B897 /* Release */,
			);
			defaultConfigurationIsVisible = 0;
			defaultConfigurationName = Release;
		};
		495D5A5E2C1F748D0051B897 /* Build configuration list for PBXNativeTarget "Cinephilia" */ = {
			isa = XCConfigurationList;
			buildConfigurations = (
				495D5A5F2C1F748D0051B897 /* Debug */,
				495D5A602C1F748D0051B897 /* Release */,
			);
			defaultConfigurationIsVisible = 0;
			defaultConfigurationName = Release;
		};
/* End XCConfigurationList section */
	};
	rootObject = 495D5A482C1F748C0051B897 /* Project object */;
}
